
Microsoft Visual Studio Solution File, Format Version 12.00
# Visual Studio 2013
VisualStudioVersion = 12.0.21005.1
MinimumVisualStudioVersion = 10.0.40219.1
Project("{8BC9CEB8-8B4A-11D0-8D11-00A0C91BC942}") = "PolyInfusion", "PolyInfusion\PolyInfusion.vcxproj", "{1436B244-0AD9-4475-ADAC-D6BBFB921ACC}"
EndProject
Global
	GlobalSection(SolutionConfigurationPlatforms) = preSolution
		Debug|Win32 = Debug|Win32
		Release|Win32 = Release|Win32
	EndGlobalSection
	GlobalSection(ProjectConfigurationPlatforms) = postSolution
		{1436B244-0AD9-4475-ADAC-D6BBFB921ACC}.Debug|Win32.ActiveCfg = Debug|Win32
		{1436B244-0AD9-4475-ADAC-D6BBFB921ACC}.Debug|Win32.Build.0 = Debug|Win32
		{1436B244-0AD9-4475-ADAC-D6BBFB921ACC}.Release|Win32.ActiveCfg = Release|Win32
		{1436B244-0AD9-4475-ADAC-D6BBFB921ACC}.Release|Win32.Build.0 = Release|Win32
	EndGlobalSection
	GlobalSection(SolutionProperties) = preSolution
		HideSolutionNode = FALSE
	EndGlobalSection
EndGlobal
